
Microsoft Visual Studio Solution File, Format Version 12.00
# Visual Studio 15
VisualStudioVersion = 15.0.27004.2002
MinimumVisualStudioVersion = 10.0.40219.1
Project("{FAE04EC0-301F-11D3-BF4B-00C04F79EFBC}") = "MedNotes", "MedNotes\MedNotes.csproj", "{EF9A86F6-7AB8-4E69-A625-CD4960FD49AA}"
EndProject
Project("{FAE04EC0-301F-11D3-BF4B-00C04F79EFBC}") = "cTakesXMLParser", "cTakesXMLParser\cTakesXMLParser.csproj", "{52BB10DD-C756-403D-BD5E-D853F37FFEE8}"
EndProject
Global
	GlobalSection(SolutionConfigurationPlatforms) = preSolution
		Debug|Any CPU = Debug|Any CPU
		Release|Any CPU = Release|Any CPU
	EndGlobalSection
	GlobalSection(ProjectConfigurationPlatforms) = postSolution
		{EF9A86F6-7AB8-4E69-A625-CD4960FD49AA}.Debug|Any CPU.ActiveCfg = Debug|Any CPU
		{EF9A86F6-7AB8-4E69-A625-CD4960FD49AA}.Debug|Any CPU.Build.0 = Debug|Any CPU
		{EF9A86F6-7AB8-4E69-A625-CD4960FD49AA}.Release|Any CPU.ActiveCfg = Release|Any CPU
		{EF9A86F6-7AB8-4E69-A625-CD4960FD49AA}.Release|Any CPU.Build.0 = Release|Any CPU
		{52BB10DD-C756-403D-BD5E-D853F37FFEE8}.Debug|Any CPU.ActiveCfg = Debug|Any CPU
		{52BB10DD-C756-403D-BD5E-D853F37FFEE8}.Debug|Any CPU.Build.0 = Debug|Any CPU
		{52BB10DD-C756-403D-BD5E-D853F37FFEE8}.Release|Any CPU.ActiveCfg = Release|Any CPU
		{52BB10DD-C756-403D-BD5E-D853F37FFEE8}.Release|Any CPU.Build.0 = Release|Any CPU
	EndGlobalSection
	GlobalSection(SolutionProperties) = preSolution
		HideSolutionNode = FALSE
	EndGlobalSection
	GlobalSection(ExtensibilityGlobals) = postSolution
		SolutionGuid = {769917AD-BB8B-48C3-9CB0-550FAB531D5F}
	EndGlobalSection
EndGlobal
